
Microsoft Visual Studio Solution File, Format Version 12.00
# Visual Studio Version 17
VisualStudioVersion = 17.7.34221.43
MinimumVisualStudioVersion = 10.0.40219.1
Project("{FAE04EC0-301F-11D3-BF4B-00C04F79EFBC}") = "mathCompare", "mathCompare.csproj", "{FBCDE774-B5FF-4265-9C64-3AF9298075E9}"
EndProject
Global
	GlobalSection(SolutionConfigurationPlatforms) = preSolution
		Debug|Any CPU = Debug|Any CPU
		Release|Any CPU = Release|Any CPU
	EndGlobalSection
	GlobalSection(ProjectConfigurationPlatforms) = postSolution
		{FBCDE774-B5FF-4265-9C64-3AF9298075E9}.Debug|Any CPU.ActiveCfg = Debug|Any CPU
		{FBCDE774-B5FF-4265-9C64-3AF9298075E9}.Debug|Any CPU.Build.0 = Debug|Any CPU
		{FBCDE774-B5FF-4265-9C64-3AF9298075E9}.Release|Any CPU.ActiveCfg = Release|Any CPU
		{FBCDE774-B5FF-4265-9C64-3AF9298075E9}.Release|Any CPU.Build.0 = Release|Any CPU
	EndGlobalSection
	GlobalSection(SolutionProperties) = preSolution
		HideSolutionNode = FALSE
	EndGlobalSection
	GlobalSection(ExtensibilityGlobals) = postSolution
		SolutionGuid = {42809BBE-6C86-4777-B10E-ECE46EA3C67D}
	EndGlobalSection
EndGlobal
